
Microsoft Visual Studio Solution File, Format Version 12.00
# Visual Studio Version 16
VisualStudioVersion = 16.0.30621.155
MinimumVisualStudioVersion = 10.0.40219.1
Project("{FAE04EC0-301F-11D3-BF4B-00C04F79EFBC}") = "P03.MinionNames", "P03.MinionNames\P03.MinionNames.csproj", "{20ABF54D-791F-4799-8E93-994929674423}"
EndProject
Project("{FAE04EC0-301F-11D3-BF4B-00C04F79EFBC}") = "P04.AddMinion", "P04.AddMinion\P04.AddMinion.csproj", "{39CAF815-75A9-475D-9D29-C83C1D7A0CE2}"
EndProject
Global
	GlobalSection(SolutionConfigurationPlatforms) = preSolution
		Debug|Any CPU = Debug|Any CPU
		Release|Any CPU = Release|Any CPU
	EndGlobalSection
	GlobalSection(ProjectConfigurationPlatforms) = postSolution
		{20ABF54D-791F-4799-8E93-994929674423}.Debug|Any CPU.ActiveCfg = Debug|Any CPU
		{20ABF54D-791F-4799-8E93-994929674423}.Debug|Any CPU.Build.0 = Debug|Any CPU
		{20ABF54D-791F-4799-8E93-994929674423}.Release|Any CPU.ActiveCfg = Release|Any CPU
		{20ABF54D-791F-4799-8E93-994929674423}.Release|Any CPU.Build.0 = Release|Any CPU
		{39CAF815-75A9-475D-9D29-C83C1D7A0CE2}.Debug|Any CPU.ActiveCfg = Debug|Any CPU
		{39CAF815-75A9-475D-9D29-C83C1D7A0CE2}.Debug|Any CPU.Build.0 = Debug|Any CPU
		{39CAF815-75A9-475D-9D29-C83C1D7A0CE2}.Release|Any CPU.ActiveCfg = Release|Any CPU
		{39CAF815-75A9-475D-9D29-C83C1D7A0CE2}.Release|Any CPU.Build.0 = Release|Any CPU
	EndGlobalSection
	GlobalSection(SolutionProperties) = preSolution
		HideSolutionNode = FALSE
	EndGlobalSection
	GlobalSection(ExtensibilityGlobals) = postSolution
		SolutionGuid = {EDF4353C-EC24-4CFC-8E66-C3E5C105966F}
	EndGlobalSection
EndGlobal
